{
  "name": "smart-error",
  "version": "1.0.0",
  "lockfileVersion": 1,
  "requires": true,
  "dependencies": {
    "@wickning1/async-exec": {
      "version": "1.0.2",
      "resolved": "https://registry.npmjs.org/@wickning1/async-exec/-/async-exec-1.0.2.tgz",
      "integrity": "sha512-o6llgSff8Rx8fSQtz6iEcJH9tB0ZP7jpxw+ywu6wUjRHP+W6GeIrbo3YaDZWuOeuCJPVAxCiB71Eh6mFoG/B1g=="
    }
  }
}
